
Microsoft Visual Studio Solution File, Format Version 12.00
# Visual Studio Version 16
VisualStudioVersion = 16.0.30420.98
MinimumVisualStudioVersion = 10.0.40219.1
Project("{FAE04EC0-301F-11D3-BF4B-00C04F79EFBC}") = "Conduit", "Conduit\Conduit.csproj", "{2716FB36-E801-4F12-B09C-E2B5D9E32531}"
EndProject
Global
	GlobalSection(SolutionConfigurationPlatforms) = preSolution
		Debug|Any CPU = Debug|Any CPU
		Release|Any CPU = Release|Any CPU
	EndGlobalSection
	GlobalSection(ProjectConfigurationPlatforms) = postSolution
		{2716FB36-E801-4F12-B09C-E2B5D9E32531}.Debug|Any CPU.ActiveCfg = Debug|Any CPU
		{2716FB36-E801-4F12-B09C-E2B5D9E32531}.Debug|Any CPU.Build.0 = Debug|Any CPU
		{2716FB36-E801-4F12-B09C-E2B5D9E32531}.Release|Any CPU.ActiveCfg = Release|Any CPU
		{2716FB36-E801-4F12-B09C-E2B5D9E32531}.Release|Any CPU.Build.0 = Release|Any CPU
	EndGlobalSection
	GlobalSection(SolutionProperties) = preSolution
		HideSolutionNode = FALSE
	EndGlobalSection
	GlobalSection(ExtensibilityGlobals) = postSolution
		SolutionGuid = {6A656A59-9C2A-4859-AD7E-2F3B1017C4C6}
	EndGlobalSection
EndGlobal
